
Microsoft Visual Studio Solution File, Format Version 12.00
# Visual Studio 15
Project("{FAE04EC0-301F-11D3-BF4B-00C04F79EFBC}") = "Assembly-CSharp-firstpass", "Assembly-CSharp-firstpass.csproj", "{4C91D641-D965-91B2-CB2D-60CFE6DF3311}"
EndProject
Project("{FAE04EC0-301F-11D3-BF4B-00C04F79EFBC}") = "Assembly-CSharp", "Assembly-CSharp.csproj", "{A5A39582-37F3-8BB6-BFBE-883D9EEEF9A3}"
EndProject
Project("{FAE04EC0-301F-11D3-BF4B-00C04F79EFBC}") = "Assembly-CSharp-Editor-firstpass", "Assembly-CSharp-Editor-firstpass.csproj", "{C6FF0AAE-AF3E-23CC-7776-FCA520D53133}"
EndProject
Global
	GlobalSection(SolutionConfigurationPlatforms) = preSolution
		Debug|Any CPU = Debug|Any CPU
		Release|Any CPU = Release|Any CPU
	EndGlobalSection
	GlobalSection(ProjectConfigurationPlatforms) = postSolution
		{4C91D641-D965-91B2-CB2D-60CFE6DF3311}.Debug|Any CPU.ActiveCfg = Debug|Any CPU
		{4C91D641-D965-91B2-CB2D-60CFE6DF3311}.Debug|Any CPU.Build.0 = Debug|Any CPU
		{4C91D641-D965-91B2-CB2D-60CFE6DF3311}.Release|Any CPU.ActiveCfg = Release|Any CPU
		{4C91D641-D965-91B2-CB2D-60CFE6DF3311}.Release|Any CPU.Build.0 = Release|Any CPU
		{A5A39582-37F3-8BB6-BFBE-883D9EEEF9A3}.Debug|Any CPU.ActiveCfg = Debug|Any CPU
		{A5A39582-37F3-8BB6-BFBE-883D9EEEF9A3}.Debug|Any CPU.Build.0 = Debug|Any CPU
		{A5A39582-37F3-8BB6-BFBE-883D9EEEF9A3}.Release|Any CPU.ActiveCfg = Release|Any CPU
		{A5A39582-37F3-8BB6-BFBE-883D9EEEF9A3}.Release|Any CPU.Build.0 = Release|Any CPU
		{C6FF0AAE-AF3E-23CC-7776-FCA520D53133}.Debug|Any CPU.ActiveCfg = Debug|Any CPU
		{C6FF0AAE-AF3E-23CC-7776-FCA520D53133}.Debug|Any CPU.Build.0 = Debug|Any CPU
		{C6FF0AAE-AF3E-23CC-7776-FCA520D53133}.Release|Any CPU.ActiveCfg = Release|Any CPU
		{C6FF0AAE-AF3E-23CC-7776-FCA520D53133}.Release|Any CPU.Build.0 = Release|Any CPU
	EndGlobalSection
	GlobalSection(SolutionProperties) = preSolution
		HideSolutionNode = FALSE
	EndGlobalSection
EndGlobal
